
Microsoft Visual Studio Solution File, Format Version 12.00
# Visual Studio 15
VisualStudioVersion = 15.0.27703.2047
MinimumVisualStudioVersion = 10.0.40219.1
Project("{FAE04EC0-301F-11D3-BF4B-00C04F79EFBC}") = "BP.DataService.WinService", "BP.DataService.WinService\BP.DataService.WinService.csproj", "{8CDC4D62-DFE1-4ED5-A686-E1A42647C359}"
EndProject
Project("{2150E333-8FDC-42A3-9474-1A3956D46DE8}") = "DataService", "DataService", "{B3B87A32-77BA-4DB5-893A-2F9AE138A200}"
EndProject
Project("{2150E333-8FDC-42A3-9474-1A3956D46DE8}") = "Administrator", "Administrator", "{59494779-036F-4F89-99A0-8E9D54C535DA}"
EndProject
Project("{2150E333-8FDC-42A3-9474-1A3956D46DE8}") = "Point", "Point", "{AFB76F93-BEF4-4BE3-9124-21897CEFB593}"
EndProject
Project("{2150E333-8FDC-42A3-9474-1A3956D46DE8}") = "WebSite", "WebSite", "{8938C042-37BD-4BEE-85C2-797999BB4A73}"
EndProject
Project("{2150E333-8FDC-42A3-9474-1A3956D46DE8}") = "DataLayer", "DataLayer", "{91CF0030-AC96-4B92-8B08-C5883B3D7D39}"
EndProject
Project("{FAE04EC0-301F-11D3-BF4B-00C04F79EFBC}") = "BP.DataLayer.BusinessObjects", "DataLayer\BP.DataLayer.BusinessObjects\BP.DataLayer.BusinessObjects.csproj", "{D9052B55-28E4-4D0C-8E4E-269662ADB2BC}"
EndProject
Project("{FAE04EC0-301F-11D3-BF4B-00C04F79EFBC}") = "BP.DataLayer.Interfaces", "DataLayer\BP.DataLayer.Interfaces\BP.DataLayer.Interfaces.csproj", "{A1382284-5372-4D6E-AE07-3415A8D847F0}"
EndProject
Project("{FAE04EC0-301F-11D3-BF4B-00C04F79EFBC}") = "BP.DataLayer.DataProviders", "DataLayer\BP.DataLayer.DataProviders\BP.DataLayer.DataProviders.csproj", "{218562C9-C947-43FA-9070-11D495B57A6E}"
EndProject
Project("{FAE04EC0-301F-11D3-BF4B-00C04F79EFBC}") = "BP.DataService.WebService", "BP.DataService.WebService\BP.DataService.WebService.csproj", "{5E96DD2F-3DDA-4D20-9FAA-F77481BF15E6}"
EndProject
Project("{FAE04EC0-301F-11D3-BF4B-00C04F79EFBC}") = "BP.DataService.WinService.Interfaces", "DataService\BP.DataService.WinService.Interfaces\BP.DataService.WinService.Interfaces.csproj", "{6CF2EFFB-64CD-4834-B801-8FDAF489FE28}"
EndProject
Project("{FAE04EC0-301F-11D3-BF4B-00C04F79EFBC}") = "BP.Point.Interfaces", "Point\BP.Point.Interfaces\BP.Point.Interfaces.csproj", "{E33C7D87-3ABB-41AD-A3FA-209592D0BBE9}"
EndProject
Project("{FAE04EC0-301F-11D3-BF4B-00C04F79EFBC}") = "BP.Administrator.App", "BP.Administrator.App\BP.Administrator.App.csproj", "{C45978C5-232D-4475-A11C-097956EDA06C}"
EndProject
Project("{FAE04EC0-301F-11D3-BF4B-00C04F79EFBC}") = "BP.Point.App", "BP.Point.App\BP.Point.App.csproj", "{B4E70C0B-801B-45DD-B00C-3C9AE1FE7DA0}"
EndProject
Project("{FAE04EC0-301F-11D3-BF4B-00C04F79EFBC}") = "BP.Administrator.Interfaces", "Administrator\BP.Administrator.Interfaces\BP.Administrator.Interfaces.csproj", "{89D5FB52-F4CE-447F-B376-FFA72EA1FF12}"
EndProject
Project("{FAE04EC0-301F-11D3-BF4B-00C04F79EFBC}") = "BP.WebSite.Interfaces", "WebSite\BP.WebSite.Interfaces\BP.WebSite.Interfaces.csproj", "{F976F2BB-E5D1-4946-8C90-3FF5D758C372}"
EndProject
Project("{FAE04EC0-301F-11D3-BF4B-00C04F79EFBC}") = "BP.DataService.WinService.Contracts", "DataService\BP.DataService.WinService.Contracts\BP.DataService.WinService.Contracts.csproj", "{01AACFAB-C028-430C-87B7-C21300B24604}"
EndProject
Project("{2150E333-8FDC-42A3-9474-1A3956D46DE8}") = "Debug", "Debug", "{FCE9526F-CE1F-4C33-B659-C25178136E9A}"
EndProject
Project("{FAE04EC0-301F-11D3-BF4B-00C04F79EFBC}") = "BP.DataService.WinService.DebugConsole", "Debug\BP.DataService.WinService.Console\BP.DataService.WinService.DebugConsole.csproj", "{A0E92605-E094-4C6B-8425-D1E2FB3EE0C4}"
EndProject
Project("{FAE04EC0-301F-11D3-BF4B-00C04F79EFBC}") = "BP.DataService.TestClientApp.DebugConsole", "Debug\BP.DataService.TestClientApp.DebugConsole\BP.DataService.TestClientApp.DebugConsole.csproj", "{185D15DF-C77D-4550-90B6-E29E3DA1A211}"
EndProject
Project("{FAE04EC0-301F-11D3-BF4B-00C04F79EFBC}") = "BP.DataService.Common", "DataService\BP.DataService.Common\BP.DataService.Common.csproj", "{0CC2F88A-38CB-46C3-B449-5EF3D195C612}"
EndProject
Project("{2150E333-8FDC-42A3-9474-1A3956D46DE8}") = "Plugins", "Plugins", "{8F1105FB-051F-4BEA-9D03-F665827D66FA}"
EndProject
Project("{FAE04EC0-301F-11D3-BF4B-00C04F79EFBC}") = "BP.DataService.Base", "DataService\BP.DataService.Base\BP.DataService.Base.csproj", "{463A00F7-1B24-47CB-B912-B7CF1616351C}"
EndProject
Project("{FAE04EC0-301F-11D3-BF4B-00C04F79EFBC}") = "BP.DataService.WinService.Channels", "DataService\BP.DataService.WinService.Channels\BP.DataService.WinService.Channels.csproj", "{9E69B71F-DCFB-45A4-9E7C-5DE522837942}"
EndProject
Project("{FAE04EC0-301F-11D3-BF4B-00C04F79EFBC}") = "BP.DataService.Plugins.Users", "DataService\Plugins\BP.DataService.Plugins.Users\BP.DataService.Plugins.Users.csproj", "{ACD0E2F6-FFCB-4C21-B20D-34FDD1206A1B}"
EndProject
Project("{FAE04EC0-301F-11D3-BF4B-00C04F79EFBC}") = "BP.DataService.Interfaces", "DataService\BP.DataService.Interfaces\BP.DataService.Interfaces.csproj", "{C3711D1D-E2B8-4BE2-8F9F-61F6B547A934}"
EndProject
Project("{2150E333-8FDC-42A3-9474-1A3956D46DE8}") = "PUBLIC", "PUBLIC", "{B980997C-D539-4734-9E86-A8008F37F44B}"
EndProject
Project("{2150E333-8FDC-42A3-9474-1A3956D46DE8}") = "PUBLIC", "PUBLIC", "{B901E2B1-CE62-4352-B760-D4125E6324F6}"
EndProject
Project("{2150E333-8FDC-42A3-9474-1A3956D46DE8}") = "PUBLIC", "PUBLIC", "{A9D4BE58-D6F5-48DE-B859-C2FB99EC0C8C}"
EndProject
Project("{2150E333-8FDC-42A3-9474-1A3956D46DE8}") = "PUBLIC", "PUBLIC", "{444A6788-39AB-48A2-9EE7-E627122C1A95}"
EndProject
Project("{2150E333-8FDC-42A3-9474-1A3956D46DE8}") = "PUBLIC", "PUBLIC", "{19FF9546-FCA3-4594-8B73-7EBA8A885D7F}"
EndProject
Project("{FAE04EC0-301F-11D3-BF4B-00C04F79EFBC}") = "BP.DataService.Plugins.Interfaces", "DataService\BP.DataService.Plugins.Interfaces\BP.DataService.Plugins.Interfaces.csproj", "{3B01DEB6-91E4-42D4-9735-3FFDD392B126}"
EndProject
Project("{2150E333-8FDC-42A3-9474-1A3956D46DE8}") = "Databases", "Databases", "{61F16998-F94E-45AE-B5E9-40D3685AC48E}"
EndProject
Project("{FAE04EC0-301F-11D3-BF4B-00C04F79EFBC}") = "BP.DataLayer.Databases.MSSQL", "DataLayer\Databases\BP.DataLayer.Databases.MSSQL\BP.DataLayer.Databases.MSSQL.csproj", "{87552F35-CA04-49BC-8AD8-23E4B2AC5F3F}"
EndProject
Project("{FAE04EC0-301F-11D3-BF4B-00C04F79EFBC}") = "BP.DataLayer.Databases.Interfaces", "DataLayer\Databases\BP.DataLayer.Databases.Interfaces\BP.DataLayer.Databases.Interfaces.csproj", "{B4859E7E-99BF-4FCD-9B16-8C9D8F11EBE6}"
EndProject
Project("{FAE04EC0-301F-11D3-BF4B-00C04F79EFBC}") = "BP.DataLayer.Databases.Base", "DataLayer\Databases\BP.DataLayer.Databases.Base\BP.DataLayer.Databases.Base.csproj", "{334496DD-E978-490F-8974-55AAD9A328FD}"
EndProject
Project("{FAE04EC0-301F-11D3-BF4B-00C04F79EFBC}") = "BP.DataLayer.Base", "DataLayer\BP.DataLayer.Base\BP.DataLayer.Base.csproj", "{AE5B566E-A3AB-4BA4-961A-569779250E97}"
EndProject
Project("{FAE04EC0-301F-11D3-BF4B-00C04F79EFBC}") = "BP.DataLayer.Tools", "DataLayer\BP.DataLayer.Tools\BP.DataLayer.Tools.csproj", "{162B020C-BE50-4BFB-B7FB-922CC92A2838}"
EndProject
Project("{FAE04EC0-301F-11D3-BF4B-00C04F79EFBC}") = "BP.Administrator.Login", "Administrator\BP.Administrator.Login\BP.Administrator.Login.csproj", "{80D0CDEC-3F2A-4ABD-93AA-BCB2BDFD645E}"
EndProject
Project("{FAE04EC0-301F-11D3-BF4B-00C04F79EFBC}") = "BP.Administrator.Splash", "Administrator\BP.Administrator.Splash\BP.Administrator.Splash.csproj", "{330C571C-2593-4B8D-B30B-A8379091F822}"
EndProject
Project("{2150E333-8FDC-42A3-9474-1A3956D46DE8}") = "Common", "Common", "{F09D269C-1892-4844-8A70-11557AE7C590}"
EndProject
Project("{FAE04EC0-301F-11D3-BF4B-00C04F79EFBC}") = "BP.Common.Controls", "Common\BP.Common.Controls\BP.Common.Controls.csproj", "{D85C8B8A-8DC5-41F6-8734-BEA4676A90B4}"
EndProject
Project("{FAE04EC0-301F-11D3-BF4B-00C04F79EFBC}") = "BP.Point.Data", "Point\BP.Point.Data\BP.Point.Data.csproj", "{EDF7C7CC-B236-495D-B306-5DCA8E62A650}"
EndProject
Project("{FAE04EC0-301F-11D3-BF4B-00C04F79EFBC}") = "BP.Point.Operations.Base", "Point\BP.Point.Operations\BP.Point.Operations.Base.csproj", "{1AE985E0-8AF6-46BC-A8F7-55E83B2CB391}"
EndProject
Global
	GlobalSection(SolutionConfigurationPlatforms) = preSolution
		Debug|Any CPU = Debug|Any CPU
		Release|Any CPU = Release|Any CPU
	EndGlobalSection
	GlobalSection(ProjectConfigurationPlatforms) = postSolution
		{8CDC4D62-DFE1-4ED5-A686-E1A42647C359}.Debug|Any CPU.ActiveCfg = Debug|Any CPU
		{8CDC4D62-DFE1-4ED5-A686-E1A42647C359}.Debug|Any CPU.Build.0 = Debug|Any CPU
		{8CDC4D62-DFE1-4ED5-A686-E1A42647C359}.Release|Any CPU.ActiveCfg = Release|Any CPU
		{8CDC4D62-DFE1-4ED5-A686-E1A42647C359}.Release|Any CPU.Build.0 = Release|Any CPU
		{D9052B55-28E4-4D0C-8E4E-269662ADB2BC}.Debug|Any CPU.ActiveCfg = Debug|Any CPU
		{D9052B55-28E4-4D0C-8E4E-269662ADB2BC}.Debug|Any CPU.Build.0 = Debug|Any CPU
		{D9052B55-28E4-4D0C-8E4E-269662ADB2BC}.Release|Any CPU.ActiveCfg = Release|Any CPU
		{D9052B55-28E4-4D0C-8E4E-269662ADB2BC}.Release|Any CPU.Build.0 = Release|Any CPU
		{A1382284-5372-4D6E-AE07-3415A8D847F0}.Debug|Any CPU.ActiveCfg = Debug|Any CPU
		{A1382284-5372-4D6E-AE07-3415A8D847F0}.Debug|Any CPU.Build.0 = Debug|Any CPU
		{A1382284-5372-4D6E-AE07-3415A8D847F0}.Release|Any CPU.ActiveCfg = Release|Any CPU
		{A1382284-5372-4D6E-AE07-3415A8D847F0}.Release|Any CPU.Build.0 = Release|Any CPU
		{218562C9-C947-43FA-9070-11D495B57A6E}.Debug|Any CPU.ActiveCfg = Debug|Any CPU
		{218562C9-C947-43FA-9070-11D495B57A6E}.Debug|Any CPU.Build.0 = Debug|Any CPU
		{218562C9-C947-43FA-9070-11D495B57A6E}.Release|Any CPU.ActiveCfg = Release|Any CPU
		{218562C9-C947-43FA-9070-11D495B57A6E}.Release|Any CPU.Build.0 = Release|Any CPU
		{5E96DD2F-3DDA-4D20-9FAA-F77481BF15E6}.Debug|Any CPU.ActiveCfg = Debug|Any CPU
		{5E96DD2F-3DDA-4D20-9FAA-F77481BF15E6}.Debug|Any CPU.Build.0 = Debug|Any CPU
		{5E96DD2F-3DDA-4D20-9FAA-F77481BF15E6}.Release|Any CPU.ActiveCfg = Release|Any CPU
		{5E96DD2F-3DDA-4D20-9FAA-F77481BF15E6}.Release|Any CPU.Build.0 = Release|Any CPU
		{6CF2EFFB-64CD-4834-B801-8FDAF489FE28}.Debug|Any CPU.ActiveCfg = Debug|Any CPU
		{6CF2EFFB-64CD-4834-B801-8FDAF489FE28}.Debug|Any CPU.Build.0 = Debug|Any CPU
		{6CF2EFFB-64CD-4834-B801-8FDAF489FE28}.Release|Any CPU.ActiveCfg = Release|Any CPU
		{6CF2EFFB-64CD-4834-B801-8FDAF489FE28}.Release|Any CPU.Build.0 = Release|Any CPU
		{E33C7D87-3ABB-41AD-A3FA-209592D0BBE9}.Debug|Any CPU.ActiveCfg = Debug|Any CPU
		{E33C7D87-3ABB-41AD-A3FA-209592D0BBE9}.Debug|Any CPU.Build.0 = Debug|Any CPU
		{E33C7D87-3ABB-41AD-A3FA-209592D0BBE9}.Release|Any CPU.ActiveCfg = Release|Any CPU
		{E33C7D87-3ABB-41AD-A3FA-209592D0BBE9}.Release|Any CPU.Build.0 = Release|Any CPU
		{C45978C5-232D-4475-A11C-097956EDA06C}.Debug|Any CPU.ActiveCfg = Debug|Any CPU
		{C45978C5-232D-4475-A11C-097956EDA06C}.Debug|Any CPU.Build.0 = Debug|Any CPU
		{C45978C5-232D-4475-A11C-097956EDA06C}.Release|Any CPU.ActiveCfg = Release|Any CPU
		{C45978C5-232D-4475-A11C-097956EDA06C}.Release|Any CPU.Build.0 = Release|Any CPU
		{B4E70C0B-801B-45DD-B00C-3C9AE1FE7DA0}.Debug|Any CPU.ActiveCfg = Debug|Any CPU
		{B4E70C0B-801B-45DD-B00C-3C9AE1FE7DA0}.Debug|Any CPU.Build.0 = Debug|Any CPU
		{B4E70C0B-801B-45DD-B00C-3C9AE1FE7DA0}.Release|Any CPU.ActiveCfg = Release|Any CPU
		{B4E70C0B-801B-45DD-B00C-3C9AE1FE7DA0}.Release|Any CPU.Build.0 = Release|Any CPU
		{89D5FB52-F4CE-447F-B376-FFA72EA1FF12}.Debug|Any CPU.ActiveCfg = Debug|Any CPU
		{89D5FB52-F4CE-447F-B376-FFA72EA1FF12}.Debug|Any CPU.Build.0 = Debug|Any CPU
		{89D5FB52-F4CE-447F-B376-FFA72EA1FF12}.Release|Any CPU.ActiveCfg = Release|Any CPU
		{89D5FB52-F4CE-447F-B376-FFA72EA1FF12}.Release|Any CPU.Build.0 = Release|Any CPU
		{F976F2BB-E5D1-4946-8C90-3FF5D758C372}.Debug|Any CPU.ActiveCfg = Debug|Any CPU
		{F976F2BB-E5D1-4946-8C90-3FF5D758C372}.Debug|Any CPU.Build.0 = Debug|Any CPU
		{F976F2BB-E5D1-4946-8C90-3FF5D758C372}.Release|Any CPU.ActiveCfg = Release|Any CPU
		{F976F2BB-E5D1-4946-8C90-3FF5D758C372}.Release|Any CPU.Build.0 = Release|Any CPU
		{01AACFAB-C028-430C-87B7-C21300B24604}.Debug|Any CPU.ActiveCfg = Debug|Any CPU
		{01AACFAB-C028-430C-87B7-C21300B24604}.Debug|Any CPU.Build.0 = Debug|Any CPU
		{01AACFAB-C028-430C-87B7-C21300B24604}.Release|Any CPU.ActiveCfg = Release|Any CPU
		{01AACFAB-C028-430C-87B7-C21300B24604}.Release|Any CPU.Build.0 = Release|Any CPU
		{A0E92605-E094-4C6B-8425-D1E2FB3EE0C4}.Debug|Any CPU.ActiveCfg = Debug|Any CPU
		{A0E92605-E094-4C6B-8425-D1E2FB3EE0C4}.Debug|Any CPU.Build.0 = Debug|Any CPU
		{A0E92605-E094-4C6B-8425-D1E2FB3EE0C4}.Release|Any CPU.ActiveCfg = Release|Any CPU
		{A0E92605-E094-4C6B-8425-D1E2FB3EE0C4}.Release|Any CPU.Build.0 = Release|Any CPU
		{185D15DF-C77D-4550-90B6-E29E3DA1A211}.Debug|Any CPU.ActiveCfg = Debug|Any CPU
		{185D15DF-C77D-4550-90B6-E29E3DA1A211}.Debug|Any CPU.Build.0 = Debug|Any CPU
		{185D15DF-C77D-4550-90B6-E29E3DA1A211}.Release|Any CPU.ActiveCfg = Release|Any CPU
		{185D15DF-C77D-4550-90B6-E29E3DA1A211}.Release|Any CPU.Build.0 = Release|Any CPU
		{0CC2F88A-38CB-46C3-B449-5EF3D195C612}.Debug|Any CPU.ActiveCfg = Debug|Any CPU
		{0CC2F88A-38CB-46C3-B449-5EF3D195C612}.Debug|Any CPU.Build.0 = Debug|Any CPU
		{0CC2F88A-38CB-46C3-B449-5EF3D195C612}.Release|Any CPU.ActiveCfg = Release|Any CPU
		{0CC2F88A-38CB-46C3-B449-5EF3D195C612}.Release|Any CPU.Build.0 = Release|Any CPU
		{463A00F7-1B24-47CB-B912-B7CF1616351C}.Debug|Any CPU.ActiveCfg = Debug|Any CPU
		{463A00F7-1B24-47CB-B912-B7CF1616351C}.Debug|Any CPU.Build.0 = Debug|Any CPU
		{463A00F7-1B24-47CB-B912-B7CF1616351C}.Release|Any CPU.ActiveCfg = Release|Any CPU
		{463A00F7-1B24-47CB-B912-B7CF1616351C}.Release|Any CPU.Build.0 = Release|Any CPU
		{9E69B71F-DCFB-45A4-9E7C-5DE522837942}.Debug|Any CPU.ActiveCfg = Debug|Any CPU
		{9E69B71F-DCFB-45A4-9E7C-5DE522837942}.Debug|Any CPU.Build.0 = Debug|Any CPU
		{9E69B71F-DCFB-45A4-9E7C-5DE522837942}.Release|Any CPU.ActiveCfg = Release|Any CPU
		{9E69B71F-DCFB-45A4-9E7C-5DE522837942}.Release|Any CPU.Build.0 = Release|Any CPU
		{ACD0E2F6-FFCB-4C21-B20D-34FDD1206A1B}.Debug|Any CPU.ActiveCfg = Debug|Any CPU
		{ACD0E2F6-FFCB-4C21-B20D-34FDD1206A1B}.Debug|Any CPU.Build.0 = Debug|Any CPU
		{ACD0E2F6-FFCB-4C21-B20D-34FDD1206A1B}.Release|Any CPU.ActiveCfg = Release|Any CPU
		{ACD0E2F6-FFCB-4C21-B20D-34FDD1206A1B}.Release|Any CPU.Build.0 = Release|Any CPU
		{C3711D1D-E2B8-4BE2-8F9F-61F6B547A934}.Debug|Any CPU.ActiveCfg = Debug|Any CPU
		{C3711D1D-E2B8-4BE2-8F9F-61F6B547A934}.Debug|Any CPU.Build.0 = Debug|Any CPU
		{C3711D1D-E2B8-4BE2-8F9F-61F6B547A934}.Release|Any CPU.ActiveCfg = Release|Any CPU
		{C3711D1D-E2B8-4BE2-8F9F-61F6B547A934}.Release|Any CPU.Build.0 = Release|Any CPU
		{3B01DEB6-91E4-42D4-9735-3FFDD392B126}.Debug|Any CPU.ActiveCfg = Debug|Any CPU
		{3B01DEB6-91E4-42D4-9735-3FFDD392B126}.Debug|Any CPU.Build.0 = Debug|Any CPU
		{3B01DEB6-91E4-42D4-9735-3FFDD392B126}.Release|Any CPU.ActiveCfg = Release|Any CPU
		{3B01DEB6-91E4-42D4-9735-3FFDD392B126}.Release|Any CPU.Build.0 = Release|Any CPU
		{87552F35-CA04-49BC-8AD8-23E4B2AC5F3F}.Debug|Any CPU.ActiveCfg = Debug|Any CPU
		{87552F35-CA04-49BC-8AD8-23E4B2AC5F3F}.Debug|Any CPU.Build.0 = Debug|Any CPU
		{87552F35-CA04-49BC-8AD8-23E4B2AC5F3F}.Release|Any CPU.ActiveCfg = Release|Any CPU
		{87552F35-CA04-49BC-8AD8-23E4B2AC5F3F}.Release|Any CPU.Build.0 = Release|Any CPU
		{B4859E7E-99BF-4FCD-9B16-8C9D8F11EBE6}.Debug|Any CPU.ActiveCfg = Debug|Any CPU
		{B4859E7E-99BF-4FCD-9B16-8C9D8F11EBE6}.Debug|Any CPU.Build.0 = Debug|Any CPU
		{B4859E7E-99BF-4FCD-9B16-8C9D8F11EBE6}.Release|Any CPU.ActiveCfg = Release|Any CPU
		{B4859E7E-99BF-4FCD-9B16-8C9D8F11EBE6}.Release|Any CPU.Build.0 = Release|Any CPU
		{334496DD-E978-490F-8974-55AAD9A328FD}.Debug|Any CPU.ActiveCfg = Debug|Any CPU
		{334496DD-E978-490F-8974-55AAD9A328FD}.Debug|Any CPU.Build.0 = Debug|Any CPU
		{334496DD-E978-490F-8974-55AAD9A328FD}.Release|Any CPU.ActiveCfg = Release|Any CPU
		{334496DD-E978-490F-8974-55AAD9A328FD}.Release|Any CPU.Build.0 = Release|Any CPU
		{AE5B566E-A3AB-4BA4-961A-569779250E97}.Debug|Any CPU.ActiveCfg = Debug|Any CPU
		{AE5B566E-A3AB-4BA4-961A-569779250E97}.Debug|Any CPU.Build.0 = Debug|Any CPU
		{AE5B566E-A3AB-4BA4-961A-569779250E97}.Release|Any CPU.ActiveCfg = Release|Any CPU
		{AE5B566E-A3AB-4BA4-961A-569779250E97}.Release|Any CPU.Build.0 = Release|Any CPU
		{162B020C-BE50-4BFB-B7FB-922CC92A2838}.Debug|Any CPU.ActiveCfg = Debug|Any CPU
		{162B020C-BE50-4BFB-B7FB-922CC92A2838}.Debug|Any CPU.Build.0 = Debug|Any CPU
		{162B020C-BE50-4BFB-B7FB-922CC92A2838}.Release|Any CPU.ActiveCfg = Release|Any CPU
		{162B020C-BE50-4BFB-B7FB-922CC92A2838}.Release|Any CPU.Build.0 = Release|Any CPU
		{80D0CDEC-3F2A-4ABD-93AA-BCB2BDFD645E}.Debug|Any CPU.ActiveCfg = Debug|Any CPU
		{80D0CDEC-3F2A-4ABD-93AA-BCB2BDFD645E}.Debug|Any CPU.Build.0 = Debug|Any CPU
		{80D0CDEC-3F2A-4ABD-93AA-BCB2BDFD645E}.Release|Any CPU.ActiveCfg = Release|Any CPU
		{80D0CDEC-3F2A-4ABD-93AA-BCB2BDFD645E}.Release|Any CPU.Build.0 = Release|Any CPU
		{330C571C-2593-4B8D-B30B-A8379091F822}.Debug|Any CPU.ActiveCfg = Debug|Any CPU
		{330C571C-2593-4B8D-B30B-A8379091F822}.Debug|Any CPU.Build.0 = Debug|Any CPU
		{330C571C-2593-4B8D-B30B-A8379091F822}.Release|Any CPU.ActiveCfg = Release|Any CPU
		{330C571C-2593-4B8D-B30B-A8379091F822}.Release|Any CPU.Build.0 = Release|Any CPU
		{D85C8B8A-8DC5-41F6-8734-BEA4676A90B4}.Debug|Any CPU.ActiveCfg = Debug|Any CPU
		{D85C8B8A-8DC5-41F6-8734-BEA4676A90B4}.Debug|Any CPU.Build.0 = Debug|Any CPU
		{D85C8B8A-8DC5-41F6-8734-BEA4676A90B4}.Release|Any CPU.ActiveCfg = Release|Any CPU
		{D85C8B8A-8DC5-41F6-8734-BEA4676A90B4}.Release|Any CPU.Build.0 = Release|Any CPU
		{EDF7C7CC-B236-495D-B306-5DCA8E62A650}.Debug|Any CPU.ActiveCfg = Debug|Any CPU
		{EDF7C7CC-B236-495D-B306-5DCA8E62A650}.Debug|Any CPU.Build.0 = Debug|Any CPU
		{EDF7C7CC-B236-495D-B306-5DCA8E62A650}.Release|Any CPU.ActiveCfg = Release|Any CPU
		{EDF7C7CC-B236-495D-B306-5DCA8E62A650}.Release|Any CPU.Build.0 = Release|Any CPU
		{1AE985E0-8AF6-46BC-A8F7-55E83B2CB391}.Debug|Any CPU.ActiveCfg = Debug|Any CPU
		{1AE985E0-8AF6-46BC-A8F7-55E83B2CB391}.Debug|Any CPU.Build.0 = Debug|Any CPU
		{1AE985E0-8AF6-46BC-A8F7-55E83B2CB391}.Release|Any CPU.ActiveCfg = Release|Any CPU
		{1AE985E0-8AF6-46BC-A8F7-55E83B2CB391}.Release|Any CPU.Build.0 = Release|Any CPU
	EndGlobalSection
	GlobalSection(SolutionProperties) = preSolution
		HideSolutionNode = FALSE
	EndGlobalSection
	GlobalSection(NestedProjects) = preSolution
		{D9052B55-28E4-4D0C-8E4E-269662ADB2BC} = {A9D4BE58-D6F5-48DE-B859-C2FB99EC0C8C}
		{A1382284-5372-4D6E-AE07-3415A8D847F0} = {91CF0030-AC96-4B92-8B08-C5883B3D7D39}
		{218562C9-C947-43FA-9070-11D495B57A6E} = {A9D4BE58-D6F5-48DE-B859-C2FB99EC0C8C}
		{6CF2EFFB-64CD-4834-B801-8FDAF489FE28} = {B3B87A32-77BA-4DB5-893A-2F9AE138A200}
		{E33C7D87-3ABB-41AD-A3FA-209592D0BBE9} = {AFB76F93-BEF4-4BE3-9124-21897CEFB593}
		{89D5FB52-F4CE-447F-B376-FFA72EA1FF12} = {59494779-036F-4F89-99A0-8E9D54C535DA}
		{F976F2BB-E5D1-4946-8C90-3FF5D758C372} = {8938C042-37BD-4BEE-85C2-797999BB4A73}
		{01AACFAB-C028-430C-87B7-C21300B24604} = {B3B87A32-77BA-4DB5-893A-2F9AE138A200}
		{A0E92605-E094-4C6B-8425-D1E2FB3EE0C4} = {FCE9526F-CE1F-4C33-B659-C25178136E9A}
		{185D15DF-C77D-4550-90B6-E29E3DA1A211} = {FCE9526F-CE1F-4C33-B659-C25178136E9A}
		{0CC2F88A-38CB-46C3-B449-5EF3D195C612} = {B3B87A32-77BA-4DB5-893A-2F9AE138A200}
		{8F1105FB-051F-4BEA-9D03-F665827D66FA} = {B980997C-D539-4734-9E86-A8008F37F44B}
		{463A00F7-1B24-47CB-B912-B7CF1616351C} = {B3B87A32-77BA-4DB5-893A-2F9AE138A200}
		{9E69B71F-DCFB-45A4-9E7C-5DE522837942} = {B3B87A32-77BA-4DB5-893A-2F9AE138A200}
		{ACD0E2F6-FFCB-4C21-B20D-34FDD1206A1B} = {8F1105FB-051F-4BEA-9D03-F665827D66FA}
		{C3711D1D-E2B8-4BE2-8F9F-61F6B547A934} = {B3B87A32-77BA-4DB5-893A-2F9AE138A200}
		{B980997C-D539-4734-9E86-A8008F37F44B} = {B3B87A32-77BA-4DB5-893A-2F9AE138A200}
		{B901E2B1-CE62-4352-B760-D4125E6324F6} = {59494779-036F-4F89-99A0-8E9D54C535DA}
		{A9D4BE58-D6F5-48DE-B859-C2FB99EC0C8C} = {91CF0030-AC96-4B92-8B08-C5883B3D7D39}
		{444A6788-39AB-48A2-9EE7-E627122C1A95} = {AFB76F93-BEF4-4BE3-9124-21897CEFB593}
		{19FF9546-FCA3-4594-8B73-7EBA8A885D7F} = {8938C042-37BD-4BEE-85C2-797999BB4A73}
		{3B01DEB6-91E4-42D4-9735-3FFDD392B126} = {B980997C-D539-4734-9E86-A8008F37F44B}
		{61F16998-F94E-45AE-B5E9-40D3685AC48E} = {91CF0030-AC96-4B92-8B08-C5883B3D7D39}
		{87552F35-CA04-49BC-8AD8-23E4B2AC5F3F} = {61F16998-F94E-45AE-B5E9-40D3685AC48E}
		{B4859E7E-99BF-4FCD-9B16-8C9D8F11EBE6} = {61F16998-F94E-45AE-B5E9-40D3685AC48E}
		{334496DD-E978-490F-8974-55AAD9A328FD} = {61F16998-F94E-45AE-B5E9-40D3685AC48E}
		{AE5B566E-A3AB-4BA4-961A-569779250E97} = {91CF0030-AC96-4B92-8B08-C5883B3D7D39}
		{162B020C-BE50-4BFB-B7FB-922CC92A2838} = {91CF0030-AC96-4B92-8B08-C5883B3D7D39}
		{80D0CDEC-3F2A-4ABD-93AA-BCB2BDFD645E} = {59494779-036F-4F89-99A0-8E9D54C535DA}
		{330C571C-2593-4B8D-B30B-A8379091F822} = {59494779-036F-4F89-99A0-8E9D54C535DA}
		{D85C8B8A-8DC5-41F6-8734-BEA4676A90B4} = {F09D269C-1892-4844-8A70-11557AE7C590}
		{EDF7C7CC-B236-495D-B306-5DCA8E62A650} = {AFB76F93-BEF4-4BE3-9124-21897CEFB593}
		{1AE985E0-8AF6-46BC-A8F7-55E83B2CB391} = {AFB76F93-BEF4-4BE3-9124-21897CEFB593}
	EndGlobalSection
	GlobalSection(ExtensibilityGlobals) = postSolution
		SolutionGuid = {E44AE248-951A-4C98-8D3C-1758AAB23DFE}
	EndGlobalSection
EndGlobal
